# This file is automatically @generated by Cargo.
# It is not intended for manual editing.
version = 4

[[package]]
name = "control-proto"
version = "0.1.0"

[[package]]
name = "dataplane"
version = "0.1.0"
dependencies = [
 "control-proto",
 "mysql-wire",
 "proxy-io",
 "session-core",
]

[[package]]
name = "mysql-wire"
version = "0.1.0"

[[package]]
name = "proxy-io"
version = "0.1.0"

[[package]]
name = "session-core"
version = "0.1.0"

[[package]]
name = "tiproxy-rs"
version = "0.1.0"
dependencies = [
 "dataplane",
]
